
Microsoft Visual Studio Solution File, Format Version 12.00
# Visual Studio Version 17
VisualStudioVersion = 17.14.37111.16 d17.14
MinimumVisualStudioVersion = 10.0.40219.1
Project("{FAE04EC0-301F-11D3-BF4B-00C04F79EFBC}") = "rft_web", "rft_web\rft_web.csproj", "{962A431F-A71B-4941-AA98-00CBD7F46025}"
EndProject
Global
	GlobalSection(SolutionConfigurationPlatforms) = preSolution
		Debug|Any CPU = Debug|Any CPU
		Release|Any CPU = Release|Any CPU
	EndGlobalSection
	GlobalSection(ProjectConfigurationPlatforms) = postSolution
		{962A431F-A71B-4941-AA98-00CBD7F46025}.Debug|Any CPU.ActiveCfg = Debug|Any CPU
		{962A431F-A71B-4941-AA98-00CBD7F46025}.Debug|Any CPU.Build.0 = Debug|Any CPU
		{962A431F-A71B-4941-AA98-00CBD7F46025}.Release|Any CPU.ActiveCfg = Release|Any CPU
		{962A431F-A71B-4941-AA98-00CBD7F46025}.Release|Any CPU.Build.0 = Release|Any CPU
	EndGlobalSection
	GlobalSection(SolutionProperties) = preSolution
		HideSolutionNode = FALSE
	EndGlobalSection
	GlobalSection(ExtensibilityGlobals) = postSolution
		SolutionGuid = {D90CC118-7606-4D6F-B668-69E4E299AECA}
	EndGlobalSection
EndGlobal
